
Microsoft Visual Studio Solution File, Format Version 11.00
# Visual Studio 2010
Project("{FAE04EC0-301F-11D3-BF4B-00C04F79EFBC}") = "Parameando", "Assembly-CSharp.csproj", "{05414D0D-1594-C112-0225-DF33746A6996}"
EndProject
Project("{FAE04EC0-301F-11D3-BF4B-00C04F79EFBC}") = "Parameando", "Assembly-CSharp-Editor.csproj", "{2DCFEFE2-B3C7-25D8-ADF4-B6AD9461D86E}"
EndProject
Global
	GlobalSection(SolutionConfigurationPlatforms) = preSolution
		Debug|Any CPU = Debug|Any CPU
		Release|Any CPU = Release|Any CPU
	EndGlobalSection
	GlobalSection(ProjectConfigurationPlatforms) = postSolution
		{05414D0D-1594-C112-0225-DF33746A6996}.Debug|Any CPU.ActiveCfg = Debug|Any CPU
		{05414D0D-1594-C112-0225-DF33746A6996}.Debug|Any CPU.Build.0 = Debug|Any CPU
		{05414D0D-1594-C112-0225-DF33746A6996}.Release|Any CPU.ActiveCfg = Release|Any CPU
		{05414D0D-1594-C112-0225-DF33746A6996}.Release|Any CPU.Build.0 = Release|Any CPU
		{2DCFEFE2-B3C7-25D8-ADF4-B6AD9461D86E}.Debug|Any CPU.ActiveCfg = Debug|Any CPU
		{2DCFEFE2-B3C7-25D8-ADF4-B6AD9461D86E}.Debug|Any CPU.Build.0 = Debug|Any CPU
		{2DCFEFE2-B3C7-25D8-ADF4-B6AD9461D86E}.Release|Any CPU.ActiveCfg = Release|Any CPU
		{2DCFEFE2-B3C7-25D8-ADF4-B6AD9461D86E}.Release|Any CPU.Build.0 = Release|Any CPU
	EndGlobalSection
	GlobalSection(SolutionProperties) = preSolution
		HideSolutionNode = FALSE
	EndGlobalSection
	GlobalSection(MonoDevelopProperties) = preSolution
		StartupItem = Assembly-CSharp.csproj
	EndGlobalSection
EndGlobal
